Microsoft Visual Studio Solution File, Format Version 12.00
# Visual Studio Version 17
VisualStudioVersion = 17.13.35825.156
MinimumVisualStudioVersion = 10.0.40219.1
Project("{FAE04EC0-301F-11D3-BF4B-00C04F79EFBC}") = "JobBoardApp.Core", "JobBoardApp.Core.csproj", "{EC6CD79B-A1B2-4FEF-9C09-CD817E5BA35E}"
EndProject
Project("{FAE04EC0-301F-11D3-BF4B-00C04F79EFBC}") = "JobBoardApp.Application", "..\JobBoardApp.Application\JobBoardApp.Application.csproj", "{9CBE189E-CE2D-F13B-B2A4-17E8ADCE3918}"
EndProject
Project("{FAE04EC0-301F-11D3-BF4B-00C04F79EFBC}") = "JobBoardApp.Infrastructure", "..\JobBoardApp.Infrastructure\JobBoardApp.Infrastructure.csproj", "{3C036F6D-244E-5D90-418A-A1D431DA915B}"
EndProject
Global
	GlobalSection(SolutionConfigurationPlatforms) = preSolution
		Debug|Any CPU = Debug|Any CPU
		Release|Any CPU = Release|Any CPU
	EndGlobalSection
	GlobalSection(ProjectConfigurationPlatforms) = postSolution
		{EC6CD79B-A1B2-4FEF-9C09-CD817E5BA35E}.Debug|Any CPU.ActiveCfg = Debug|Any CPU
		{EC6CD79B-A1B2-4FEF-9C09-CD817E5BA35E}.Debug|Any CPU.Build.0 = Debug|Any CPU
		{EC6CD79B-A1B2-4FEF-9C09-CD817E5BA35E}.Release|Any CPU.ActiveCfg = Release|Any CPU
		{EC6CD79B-A1B2-4FEF-9C09-CD817E5BA35E}.Release|Any CPU.Build.0 = Release|Any CPU
		{9CBE189E-CE2D-F13B-B2A4-17E8ADCE3918}.Debug|Any CPU.ActiveCfg = Debug|Any CPU
		{9CBE189E-CE2D-F13B-B2A4-17E8ADCE3918}.Debug|Any CPU.Build.0 = Debug|Any CPU
		{9CBE189E-CE2D-F13B-B2A4-17E8ADCE3918}.Release|Any CPU.ActiveCfg = Release|Any CPU
		{9CBE189E-CE2D-F13B-B2A4-17E8ADCE3918}.Release|Any CPU.Build.0 = Release|Any CPU
		{3C036F6D-244E-5D90-418A-A1D431DA915B}.Debug|Any CPU.ActiveCfg = Debug|Any CPU
		{3C036F6D-244E-5D90-418A-A1D431DA915B}.Debug|Any CPU.Build.0 = Debug|Any CPU
		{3C036F6D-244E-5D90-418A-A1D431DA915B}.Release|Any CPU.ActiveCfg = Release|Any CPU
		{3C036F6D-244E-5D90-418A-A1D431DA915B}.Release|Any CPU.Build.0 = Release|Any CPU
	EndGlobalSection
	GlobalSection(SolutionProperties) = preSolution
		HideSolutionNode = FALSE
	EndGlobalSection
	GlobalSection(ExtensibilityGlobals) = postSolution
		SolutionGuid = {DAE5C12F-A1E8-4757-9FAC-550E5A66012E}
	EndGlobalSection
EndGlobal
